{
  "name": "mmm-snmpintspeed",
  "version": "1.0.0",
  "lockfileVersion": 1,
  "requires": true,
  "dependencies": {
    "asn1-ber": {
      "version": "1.0.9",
      "resolved": "https://registry.npmjs.org/asn1-ber/-/asn1-ber-1.0.9.tgz",
      "integrity": "sha512-XJP9p/wm5uW4KFLswZ9PmdUpLMRrbq28ak3XxLFWSkBtmJOSfiBrbrZyR6X24+lZvOA+usP6Gd5LyjRaJzMAEw=="
    },
    "net-snmp": {
      "version": "1.2.4",
      "resolved": "https://registry.npmjs.org/net-snmp/-/net-snmp-1.2.4.tgz",
      "integrity": "sha512-DSmp0AGMRw3iRZ3HwuG+BBUk6nTlQuKQgdwQdnbwjkrQwNFY5l8c4QgPiJbogNifyX40+S43hDuH26dsSz/DZQ==",
      "requires": {
        "asn1-ber": "*"
      }
    }
  }
}
